<?xml version="1.0" encoding="utf-8"?>
<Project ToolsVersion="4.0" xmlns="http://schemas.microsoft.com/developer/msbuild/2003">
  <ItemGroup>
    <ClInclude Include="Main.h" />
    <ClInclude Include="stdafx.h" />
    <ClInclude Include="VillageMap.h">
      <Filter>Jin_\Map</Filter>
    </ClInclude>
    <ClInclude Include="House.h">
      <Filter>Jin_\Map</Filter>
    </ClInclude>
  </ItemGroup>
  <ItemGroup>
    <ClCompile Include="Main.cpp" />
    <ClCompile Include="VillageMap.cpp">
      <Filter>Jin_\Map</Filter>
    </ClCompile>
    <ClCompile Include="House.cpp">
      <Filter>Jin_\Map</Filter>
    </ClCompile>
  </ItemGroup>
  <ItemGroup>
    <Filter Include="Jin_">
      <UniqueIdentifier>{e0c428c6-0d94-4784-bb3a-59d8180b610b}</UniqueIdentifier>
    </Filter>
    <Filter Include="Jin_\Map">
      <UniqueIdentifier>{fe4dd607-8330-4165-8769-94e2829d7e96}</UniqueIdentifier>
    </Filter>
  </ItemGroup>
  <ItemGroup>
    <None Include="window.ini" />
  </ItemGroup>
</Project>