<?xml version="1.0" encoding="utf-8"?>
<Project ToolsVersion="4.0" xmlns="http://schemas.microsoft.com/developer/msbuild/2003">
  <ItemGroup>
    <ClInclude Include="Main.h" />
    <ClInclude Include="stdafx.h" />
    <ClInclude Include="LobbyScene.h">
      <Filter>Scene</Filter>
    </ClInclude>
    <ClInclude Include="InGameScene.h">
      <Filter>Scene</Filter>
    </ClInclude>
  </ItemGroup>
  <ItemGroup>
    <ClCompile Include="Main.cpp" />
    <ClCompile Include="InGameScene.cpp">
      <Filter>Scene</Filter>
    </ClCompile>
    <ClCompile Include="LobbyScene.cpp">
      <Filter>Scene</Filter>
    </ClCompile>
  </ItemGroup>
  <ItemGroup>
    <Filter Include="GameObject">
      <UniqueIdentifier>{355ff697-d03c-4bdd-bdae-32eee4c60bf3}</UniqueIdentifier>
    </Filter>
    <Filter Include="Scene">
      <UniqueIdentifier>{e0c428c6-0d94-4784-bb3a-59d8180b610b}</UniqueIdentifier>
    </Filter>
    <Filter Include="Jin_">
      <UniqueIdentifier>{5ec82aca-6166-4e03-86b6-a8b1081fd33f}</UniqueIdentifier>
    </Filter>
    <Filter Include="Jin_\Map">
      <UniqueIdentifier>{c3ee2e6b-5c40-4364-bd25-138555fe56a9}</UniqueIdentifier>
    </Filter>
    <Filter Include="SH">
      <UniqueIdentifier>{49d7baee-5afb-4474-ad9e-0edf74cb7a03}</UniqueIdentifier>
    </Filter>
    <Filter Include="HC">
      <UniqueIdentifier>{23af4c9d-b741-4c58-821e-dbfa596408e2}</UniqueIdentifier>
    </Filter>
    <Filter Include="SH\123">
      <UniqueIdentifier>{dc400d3f-7b00-4ae6-b833-126b19b421c1}</UniqueIdentifier>
    </Filter>
    <Filter Include="HC\23">
      <UniqueIdentifier>{558cfc3e-3b10-4bb2-8396-1f5c5bebc85c}</UniqueIdentifier>
    </Filter>
  </ItemGroup>
</Project>